// !$*UTF8*$!
{
	archiveVersion = 1;
	classes = {
	};
	objectVersion = 50;
	objects = {

/* Begin PBXBuildFile section */
		96630DC221DFA835003C7836 /* AppDelegate.swift in Sources */ = {isa = PBXBuildFile; fileRef = 96630DC121DFA835003C7836 /* AppDelegate.swift */; };
		96630DC421DFA835003C7836 /* CharactersController.swift in Sources */ = {isa = PBXBuildFile; fileRef = 96630DC321DFA835003C7836 /* CharactersController.swift */; };
		96630DC721DFA835003C7836 /* Main.storyboard in Resources */ = {isa = PBXBuildFile; fileRef = 96630DC521DFA835003C7836 /* Main.storyboard */; };
		96630DC921DFA839003C7836 /* Assets.xcassets in Resources */ = {isa = PBXBuildFile; fileRef = 96630DC821DFA839003C7836 /* Assets.xcassets */; };
		96630DCC21DFA839003C7836 /* LaunchScreen.storyboard in Resources */ = {isa = PBXBuildFile; fileRef = 96630DCA21DFA839003C7836 /* LaunchScreen.storyboard */; };
		96630DD521DFAC4D003C7836 /* NavigationController.swift in Sources */ = {isa = PBXBuildFile; fileRef = 96630DD421DFAC4D003C7836 /* NavigationController.swift */; };
		96630DD821DFB5D6003C7836 /* APIHelper.swift in Sources */ = {isa = PBXBuildFile; fileRef = 96630DD721DFB5D6003C7836 /* APIHelper.swift */; };
/* End PBXBuildFile section */

/* Begin PBXFileReference section */
		96630DBE21DFA835003C7836 /* Rick et Morty API.app */ = {isa = PBXFileReference; explicitFileType = wrapper.application; includeInIndex = 0; path = "Rick et Morty API.app"; sourceTree = BUILT_PRODUCTS_DIR; };
		96630DC121DFA835003C7836 /* AppDelegate.swift */ = {isa = PBXFileReference; lastKnownFileType = sourcecode.swift; path = AppDelegate.swift; sourceTree = "<group>"; };
		96630DC321DFA835003C7836 /* CharactersController.swift */ = {isa = PBXFileReference; lastKnownFileType = sourcecode.swift; path = CharactersController.swift; sourceTree = "<group>"; };
		96630DC621DFA835003C7836 /* Base */ = {isa = PBXFileReference; lastKnownFileType = file.storyboard; name = Base; path = Base.lproj/Main.storyboard; sourceTree = "<group>"; };
		96630DC821DFA839003C7836 /* Assets.xcassets */ = {isa = PBXFileReference; lastKnownFileType = folder.assetcatalog; path = Assets.xcassets; sourceTree = "<group>"; };
		96630DCB21DFA839003C7836 /* Base */ = {isa = PBXFileReference; lastKnownFileType = file.storyboard; name = Base; path = Base.lproj/LaunchScreen.storyboard; sourceTree = "<group>"; };
		96630DCD21DFA839003C7836 /* Info.plist */ = {isa = PBXFileReference; lastKnownFileType = text.plist.xml; path = Info.plist; sourceTree = "<group>"; };
		96630DD421DFAC4D003C7836 /* NavigationController.swift */ = {isa = PBXFileReference; lastKnownFileType = sourcecode.swift; path = NavigationController.swift; sourceTree = "<group>"; };
		96630DD721DFB5D6003C7836 /* APIHelper.swift */ = {isa = PBXFileReference; lastKnownFileType = sourcecode.swift; path = APIHelper.swift; sourceTree = "<group>"; };
/* End PBXFileReference section */

/* Begin PBXFrameworksBuildPhase section */
		96630DBB21DFA835003C7836 /* Frameworks */ = {
			isa = PBXFrameworksBuildPhase;
			buildActionMask = 2147483647;
			files = (
			);
			runOnlyForDeploymentPostprocessing = 0;
		};
/* End PBXFrameworksBuildPhase section */

/* Begin PBXGroup section */
		96630DB521DFA835003C7836 = {
			isa = PBXGroup;
			children = (
				96630DC021DFA835003C7836 /* Rick et Morty API */,
				96630DBF21DFA835003C7836 /* Products */,
			);
			sourceTree = "<group>";
		};
		96630DBF21DFA835003C7836 /* Products */ = {
			isa = PBXGroup;
			children = (
				96630DBE21DFA835003C7836 /* Rick et Morty API.app */,
			);
			name = Products;
			sourceTree = "<group>";
		};
		96630DC021DFA835003C7836 /* Rick et Morty API */ = {
			isa = PBXGroup;
			children = (
				96630DD621DFB5A3003C7836 /* Modèles */,
				96630DD321DFABF7003C7836 /* Controllers */,
				96630DC121DFA835003C7836 /* AppDelegate.swift */,
				96630DC521DFA835003C7836 /* Main.storyboard */,
				96630DC821DFA839003C7836 /* Assets.xcassets */,
				96630DCA21DFA839003C7836 /* LaunchScreen.storyboard */,
				96630DCD21DFA839003C7836 /* Info.plist */,
			);
			path = "Rick et Morty API";
			sourceTree = "<group>";
		};
		96630DD321DFABF7003C7836 /* Controllers */ = {
			isa = PBXGroup;
			children = (
				96630DC321DFA835003C7836 /* CharactersController.swift */,
				96630DD421DFAC4D003C7836 /* NavigationController.swift */,
			);
			path = Controllers;
			sourceTree = "<group>";
		};
		96630DD621DFB5A3003C7836 /* Modèles */ = {
			isa = PBXGroup;
			children = (
				96630DD721DFB5D6003C7836 /* APIHelper.swift */,
			);
			name = "Modèles";
			path = "Modèles";
			sourceTree = "<group>";
		};
/* End PBXGroup section */

/* Begin PBXNativeTarget section */
		96630DBD21DFA835003C7836 /* Rick et Morty API */ = {
			isa = PBXNativeTarget;
			buildConfigurationList = 96630DD021DFA839003C7836 /* Build configuration list for PBXNativeTarget "Rick et Morty API" */;
			buildPhases = (
				96630DBA21DFA835003C7836 /* Sources */,
				96630DBB21DFA835003C7836 /* Frameworks */,
				96630DBC21DFA835003C7836 /* Resources */,
			);
			buildRules = (
			);
			dependencies = (
			);
			name = "Rick et Morty API";
			productName = "Rick et Morty API";
			productReference = 96630DBE21DFA835003C7836 /* Rick et Morty API.app */;
			productType = "com.apple.product-type.application";
		};
/* End PBXNativeTarget section */

/* Begin PBXProject section */
		96630DB621DFA835003C7836 /* Project object */ = {
			isa = PBXProject;
			attributes = {
				LastSwiftUpdateCheck = 1010;
				LastUpgradeCheck = 1010;
				ORGANIZATIONNAME = seb;
				TargetAttributes = {
					96630DBD21DFA835003C7836 = {
						CreatedOnToolsVersion = 10.1;
					};
				};
			};
			buildConfigurationList = 96630DB921DFA835003C7836 /* Build configuration list for PBXProject "Rick et Morty API" */;
			compatibilityVersion = "Xcode 9.3";
			developmentRegion = en;
			hasScannedForEncodings = 0;
			knownRegions = (
				en,
				Base,
			);
			mainGroup = 96630DB521DFA835003C7836;
			productRefGroup = 96630DBF21DFA835003C7836 /* Products */;
			projectDirPath = "";
			projectRoot = "";
			targets = (
				96630DBD21DFA835003C7836 /* Rick et Morty API */,
			);
		};
/* End PBXProject section */

/* Begin PBXResourcesBuildPhase section */
		96630DBC21DFA835003C7836 /* Resources */ = {
			isa = PBXResourcesBuildPhase;
			buildActionMask = 2147483647;
			files = (
				96630DCC21DFA839003C7836 /* LaunchScreen.storyboard in Resources */,
				96630DC921DFA839003C7836 /* Assets.xcassets in Resources */,
				96630DC721DFA835003C7836 /* Main.storyboard in Resources */,
			);
			runOnlyForDeploymentPostprocessing = 0;
		};
/* End PBXResourcesBuildPhase section */

/* Begin PBXSourcesBuildPhase section */
		96630DBA21DFA835003C7836 /* Sources */ = {
			isa = PBXSourcesBuildPhase;
			buildActionMask = 2147483647;
			files = (
				96630DD821DFB5D6003C7836 /* APIHelper.swift in Sources */,
				96630DC421DFA835003C7836 /* CharactersController.swift in Sources */,
				96630DD521DFAC4D003C7836 /* NavigationController.swift in Sources */,
				96630DC221DFA835003C7836 /* AppDelegate.swift in Sources */,
			);
			runOnlyForDeploymentPostprocessing = 0;
		};
/* End PBXSourcesBuildPhase section */

/* Begin PBXVariantGroup section */
		96630DC521DFA835003C7836 /* Main.storyboard */ = {
			isa = PBXVariantGroup;
			children = (
				96630DC621DFA835003C7836 /* Base */,
			);
			name = Main.storyboard;
			sourceTree = "<group>";
		};
		96630DCA21DFA839003C7836 /* LaunchScreen.storyboard */ = {
			isa = PBXVariantGroup;
			children = (
				96630DCB21DFA839003C7836 /* Base */,
			);
			name = LaunchScreen.storyboard;
			sourceTree = "<group>";
		};
/* End PBXVariantGroup section */

/* Begin XCBuildConfiguration section */
		96630DCE21DFA839003C7836 /* Debug */ = {
			isa = XCBuildConfiguration;
			buildSettings = {
				ALWAYS_SEARCH_USER_PATHS = NO;
				CLANG_ANALYZER_NONNULL = YES;
				CLANG_ANALYZER_NUMBER_OBJECT_CONVERSION = YES_AGGRESSIVE;
				CLANG_CXX_LANGUAGE_STANDARD = "gnu++14";
				CLANG_CXX_LIBRARY = "libc++";
				CLANG_ENABLE_MODULES = YES;
				CLANG_ENABLE_OBJC_ARC = YES;
				CLANG_ENABLE_OBJC_WEAK = YES;
				CLANG_WARN_BLOCK_CAPTURE_AUTORELEASING = YES;
				CLANG_WARN_BOOL_CONVERSION = YES;
				CLANG_WARN_COMMA = YES;
				CLANG_WARN_CONSTANT_CONVERSION = YES;
				CLANG_WARN_DEPRECATED_OBJC_IMPLEMENTATIONS = YES;
				CLANG_WARN_DIRECT_OBJC_ISA_USAGE = YES_ERROR;
				CLANG_WARN_DOCUMENTATION_COMMENTS = YES;
				CLANG_WARN_EMPTY_BODY = YES;
				CLANG_WARN_ENUM_CONVERSION = YES;
				CLANG_WARN_INFINITE_RECURSION = YES;
				CLANG_WARN_INT_CONVERSION = YES;
				CLANG_WARN_NON_LITERAL_NULL_CONVERSION = YES;
				CLANG_WARN_OBJC_IMPLICIT_RETAIN_SELF = YES;
				CLANG_WARN_OBJC_LITERAL_CONVERSION = YES;
				CLANG_WARN_OBJC_ROOT_CLASS = YES_ERROR;
				CLANG_WARN_RANGE_LOOP_ANALYSIS = YES;
				CLANG_WARN_STRICT_PROTOTYPES = YES;
				CLANG_WARN_SUSPICIOUS_MOVE = YES;
				CLANG_WARN_UNGUARDED_AVAILABILITY = YES_AGGRESSIVE;
				CLANG_WARN_UNREACHABLE_CODE = YES;
				CLANG_WARN__DUPLICATE_METHOD_MATCH = YES;
				CODE_SIGN_IDENTITY = "iPhone Developer";
				COPY_PHASE_STRIP = NO;
				DEBUG_INFORMATION_FORMAT = dwarf;
				ENABLE_STRICT_OBJC_MSGSEND = YES;
				ENABLE_TESTABILITY = YES;
				GCC_C_LANGUAGE_STANDARD = gnu11;
				GCC_DYNAMIC_NO_PIC = NO;
				GCC_NO_COMMON_BLOCKS = YES;
				GCC_OPTIMIZATION_LEVEL = 0;
				GCC_PREPROCESSOR_DEFINITIONS = (
					"DEBUG=1",
					"$(inherited)",
				);
				GCC_WARN_64_TO_32_BIT_CONVERSION = YES;
				GCC_WARN_ABOUT_RETURN_TYPE = YES_ERROR;
				GCC_WARN_UNDECLARED_SELECTOR = YES;
				GCC_WARN_UNINITIALIZED_AUTOS = YES_AGGRESSIVE;
				GCC_WARN_UNUSED_FUNCTION = YES;
				GCC_WARN_UNUSED_VARIABLE = YES;
				IPHONEOS_DEPLOYMENT_TARGET = 12.1;
				MTL_ENABLE_DEBUG_INFO = INCLUDE_SOURCE;
				MTL_FAST_MATH = YES;
				ONLY_ACTIVE_ARCH = YES;
				SDKROOT = iphoneos;
				SWIFT_ACTIVE_COMPILATION_CONDITIONS = DEBUG;
				SWIFT_OPTIMIZATION_LEVEL = "-Onone";
			};
			name = Debug;
		};
		96630DCF21DFA839003C7836 /* Release */ = {
			isa = XCBuildConfiguration;
			buildSettings = {
				ALWAYS_SEARCH_USER_PATHS = NO;
				CLANG_ANALYZER_NONNULL = YES;
				CLANG_ANALYZER_NUMBER_OBJECT_CONVERSION = YES_AGGRESSIVE;
				CLANG_CXX_LANGUAGE_STANDARD = "gnu++14";
				CLANG_CXX_LIBRARY = "libc++";
				CLANG_ENABLE_MODULES = YES;
				CLANG_ENABLE_OBJC_ARC = YES;
				CLANG_ENABLE_OBJC_WEAK = YES;
				CLANG_WARN_BLOCK_CAPTURE_AUTORELEASING = YES;
				CLANG_WARN_BOOL_CONVERSION = YES;
				CLANG_WARN_COMMA = YES;
				CLANG_WARN_CONSTANT_CONVERSION = YES;
				CLANG_WARN_DEPRECATED_OBJC_IMPLEMENTATIONS = YES;
				CLANG_WARN_DIRECT_OBJC_ISA_USAGE = YES_ERROR;
				CLANG_WARN_DOCUMENTATION_COMMENTS = YES;
				CLANG_WARN_EMPTY_BODY = YES;
				CLANG_WARN_ENUM_CONVERSION = YES;
				CLANG_WARN_INFINITE_RECURSION = YES;
				CLANG_WARN_INT_CONVERSION = YES;
				CLANG_WARN_NON_LITERAL_NULL_CONVERSION = YES;
				CLANG_WARN_OBJC_IMPLICIT_RETAIN_SELF = YES;
				CLANG_WARN_OBJC_LITERAL_CONVERSION = YES;
				CLANG_WARN_OBJC_ROOT_CLASS = YES_ERROR;
				CLANG_WARN_RANGE_LOOP_ANALYSIS = YES;
				CLANG_WARN_STRICT_PROTOTYPES = YES;
				CLANG_WARN_SUSPICIOUS_MOVE = YES;
				CLANG_WARN_UNGUARDED_AVAILABILITY = YES_AGGRESSIVE;
				CLANG_WARN_UNREACHABLE_CODE = YES;
				CLANG_WARN__DUPLICATE_METHOD_MATCH = YES;
				CODE_SIGN_IDENTITY = "iPhone Developer";
				COPY_PHASE_STRIP = NO;
				DEBUG_INFORMATION_FORMAT = "dwarf-with-dsym";
				ENABLE_NS_ASSERTIONS = NO;
				ENABLE_STRICT_OBJC_MSGSEND = YES;
				GCC_C_LANGUAGE_STANDARD = gnu11;
				GCC_NO_COMMON_BLOCKS = YES;
				GCC_WARN_64_TO_32_BIT_CONVERSION = YES;
				GCC_WARN_ABOUT_RETURN_TYPE = YES_ERROR;
				GCC_WARN_UNDECLARED_SELECTOR = YES;
				GCC_WARN_UNINITIALIZED_AUTOS = YES_AGGRESSIVE;
				GCC_WARN_UNUSED_FUNCTION = YES;
				GCC_WARN_UNUSED_VARIABLE = YES;
				IPHONEOS_DEPLOYMENT_TARGET = 12.1;
				MTL_ENABLE_DEBUG_INFO = NO;
				MTL_FAST_MATH = YES;
				SDKROOT = iphoneos;
				SWIFT_COMPILATION_MODE = wholemodule;
				SWIFT_OPTIMIZATION_LEVEL = "-O";
				VALIDATE_PRODUCT = YES;
			};
			name = Release;
		};
		96630DD121DFA839003C7836 /* Debug */ = {
			isa = XCBuildConfiguration;
			buildSettings = {
				ASSETCATALOG_COMPILER_APPICON_NAME = AppIcon;
				CODE_SIGN_STYLE = Automatic;
				DEVELOPMENT_TEAM = FKFH3FMJ8D;
				INFOPLIST_FILE = "Rick et Morty API/Info.plist";
				LD_RUNPATH_SEARCH_PATHS = (
					"$(inherited)",
					"@executable_path/Frameworks",
				);
				PRODUCT_BUNDLE_IDENTIFIER = "fr.rougesterres.Rick-et-Morty-API";
				PRODUCT_NAME = "$(TARGET_NAME)";
				SWIFT_VERSION = 4.2;
				TARGETED_DEVICE_FAMILY = "1,2";
			};
			name = Debug;
		};
		96630DD221DFA839003C7836 /* Release */ = {
			isa = XCBuildConfiguration;
			buildSettings = {
				ASSETCATALOG_COMPILER_APPICON_NAME = AppIcon;
				CODE_SIGN_STYLE = Automatic;
				DEVELOPMENT_TEAM = FKFH3FMJ8D;
				INFOPLIST_FILE = "Rick et Morty API/Info.plist";
				LD_RUNPATH_SEARCH_PATHS = (
					"$(inherited)",
					"@executable_path/Frameworks",
				);
				PRODUCT_BUNDLE_IDENTIFIER = "fr.rougesterres.Rick-et-Morty-API";
				PRODUCT_NAME = "$(TARGET_NAME)";
				SWIFT_VERSION = 4.2;
				TARGETED_DEVICE_FAMILY = "1,2";
			};
			name = Release;
		};
/* End XCBuildConfiguration section */

/* Begin XCConfigurationList section */
		96630DB921DFA835003C7836 /* Build configuration list for PBXProject "Rick et Morty API" */ = {
			isa = XCConfigurationList;
			buildConfigurations = (
				96630DCE21DFA839003C7836 /* Debug */,
				96630DCF21DFA839003C7836 /* Release */,
			);
			defaultConfigurationIsVisible = 0;
			defaultConfigurationName = Release;
		};
		96630DD021DFA839003C7836 /* Build configuration list for PBXNativeTarget "Rick et Morty API" */ = {
			isa = XCConfigurationList;
			buildConfigurations = (
				96630DD121DFA839003C7836 /* Debug */,
				96630DD221DFA839003C7836 /* Release */,
			);
			defaultConfigurationIsVisible = 0;
			defaultConfigurationName = Release;
		};
/* End XCConfigurationList section */
	};
	rootObject = 96630DB621DFA835003C7836 /* Project object */;
}
